{
  "nodes": {
    "chomes-nix-modules": {
      "flake": false,
      "locked": {
        "lastModified": 1770969387,
        "narHash": "sha256-m96lqNTYrSdxC4Kse/X3iu0wCgE7har5RewUfh1e9jc=",
        "owner": "chomes",
        "repo": "nix_modules",
        "rev": "a8de6a934919fe4027b51e417b0743b4b9c01499",
        "type": "github"
      },
      "original": {
        "owner": "chomes",
        "ref": "main",
        "repo": "nix_modules",
        "type": "github"
      }
    },
    "cmoscofian-dotfiles": {
      "flake": false,
      "locked": {
        "lastModified": 1775812809,
        "narHash": "sha256-PG4R7Wgy9j1ET2feW4UJ64mu+azOlscCHxN3WFemft8=",
        "owner": "cmoscofian",
        "repo": "dotfiles",
        "rev": "11de002bd8952f2e8b6d9a7788ba8be7d4ec491a",
        "type": "github"
      },
      "original": {
        "owner": "cmoscofian",
        "ref": "main",
        "repo": "dotfiles",
        "type": "github"
      }
    },
    "home-manager": {
      "inputs": {
        "nixpkgs": [
          "nixpkgs"
        ]
      },
      "locked": {
        "lastModified": 1775900011,
        "narHash": "sha256-QUGu6CJYFQ5AWVV0n3/FsJyV+1/gj7HSDx68/SX9pwM=",
        "owner": "nix-community",
        "repo": "home-manager",
        "rev": "b0569dc6ec1e6e7fefd8f6897184e4c191cd768e",
        "type": "github"
      },
      "original": {
        "owner": "nix-community",
        "ref": "master",
        "repo": "home-manager",
        "type": "github"
      }
    },
    "nixpkgs": {
      "locked": {
        "lastModified": 1775710090,
        "narHash": "sha256-ar3rofg+awPB8QXDaFJhJ2jJhu+KqN/PRCXeyuXR76E=",
        "owner": "nixos",
        "repo": "nixpkgs",
        "rev": "4c1018dae018162ec878d42fec712642d214fdfa",
        "type": "github"
      },
      "original": {
        "owner": "nixos",
        "ref": "nixos-unstable",
        "repo": "nixpkgs",
        "type": "github"
      }
    },
    "root": {
      "inputs": {
        "chomes-nix-modules": "chomes-nix-modules",
        "cmoscofian-dotfiles": "cmoscofian-dotfiles",
        "home-manager": "home-manager",
        "nixpkgs": "nixpkgs"
      }
    }
  },
  "root": "root",
  "version": 7
}
